# This file is automatically @generated by Cargo.
# It is not intended for manual editing.
[[package]]
name = "comments"
version = "0.1.0"

[[package]]
name = "debug"
version = "0.1.0"

[[package]]
name = "display"
version = "0.1.0"

[[package]]
name = "formatted-print"
version = "0.1.0"

[[package]]
name = "hello-world"
version = "0.1.0"
